
Microsoft Visual Studio Solution File, Format Version 12.00
# Visual Studio Version 17
VisualStudioVersion = 17.6.33815.320
MinimumVisualStudioVersion = 10.0.40219.1
Project("{FAE04EC0-301F-11D3-BF4B-00C04F79EFBC}") = "HT1", "HT1\HT1.csproj", "{F85ED8C3-E3C0-461F-8D06-BD8F59E0BFE8}"
EndProject
Global
	GlobalSection(SolutionConfigurationPlatforms) = preSolution
		Debug|Any CPU = Debug|Any CPU
		Release|Any CPU = Release|Any CPU
	EndGlobalSection
	GlobalSection(ProjectConfigurationPlatforms) = postSolution
		{F85ED8C3-E3C0-461F-8D06-BD8F59E0BFE8}.Debug|Any CPU.ActiveCfg = Debug|Any CPU
		{F85ED8C3-E3C0-461F-8D06-BD8F59E0BFE8}.Debug|Any CPU.Build.0 = Debug|Any CPU
		{F85ED8C3-E3C0-461F-8D06-BD8F59E0BFE8}.Release|Any CPU.ActiveCfg = Release|Any CPU
		{F85ED8C3-E3C0-461F-8D06-BD8F59E0BFE8}.Release|Any CPU.Build.0 = Release|Any CPU
	EndGlobalSection
	GlobalSection(SolutionProperties) = preSolution
		HideSolutionNode = FALSE
	EndGlobalSection
	GlobalSection(ExtensibilityGlobals) = postSolution
		SolutionGuid = {05BA64A4-69AC-4BA0-A423-B4B578241332}
	EndGlobalSection
EndGlobal
