
Microsoft Visual Studio Solution File, Format Version 12.00
# Visual Studio Version 17
VisualStudioVersion = 17.6.33815.320
MinimumVisualStudioVersion = 10.0.40219.1
Project("{FAE04EC0-301F-11D3-BF4B-00C04F79EFBC}") = "N3", "N3\N3.csproj", "{77EDC101-8AD5-4AAE-9766-472CAB103B4A}"
EndProject
Global
	GlobalSection(SolutionConfigurationPlatforms) = preSolution
		Debug|Any CPU = Debug|Any CPU
		Release|Any CPU = Release|Any CPU
	EndGlobalSection
	GlobalSection(ProjectConfigurationPlatforms) = postSolution
		{77EDC101-8AD5-4AAE-9766-472CAB103B4A}.Debug|Any CPU.ActiveCfg = Debug|Any CPU
		{77EDC101-8AD5-4AAE-9766-472CAB103B4A}.Debug|Any CPU.Build.0 = Debug|Any CPU
		{77EDC101-8AD5-4AAE-9766-472CAB103B4A}.Release|Any CPU.ActiveCfg = Release|Any CPU
		{77EDC101-8AD5-4AAE-9766-472CAB103B4A}.Release|Any CPU.Build.0 = Release|Any CPU
	EndGlobalSection
	GlobalSection(SolutionProperties) = preSolution
		HideSolutionNode = FALSE
	EndGlobalSection
	GlobalSection(ExtensibilityGlobals) = postSolution
		SolutionGuid = {CCDB4956-9D86-421A-A3AD-AB0CBFD53C70}
	EndGlobalSection
EndGlobal
