
Microsoft Visual Studio Solution File, Format Version 12.00
# Visual Studio Version 17
VisualStudioVersion = 17.6.33815.320
MinimumVisualStudioVersion = 10.0.40219.1
Project("{FAE04EC0-301F-11D3-BF4B-00C04F79EFBC}") = "HT1", "HT1\HT1.csproj", "{C68B47BE-4301-4C76-AC8D-92F2B955D576}"
EndProject
Global
	GlobalSection(SolutionConfigurationPlatforms) = preSolution
		Debug|Any CPU = Debug|Any CPU
		Release|Any CPU = Release|Any CPU
	EndGlobalSection
	GlobalSection(ProjectConfigurationPlatforms) = postSolution
		{C68B47BE-4301-4C76-AC8D-92F2B955D576}.Debug|Any CPU.ActiveCfg = Debug|Any CPU
		{C68B47BE-4301-4C76-AC8D-92F2B955D576}.Debug|Any CPU.Build.0 = Debug|Any CPU
		{C68B47BE-4301-4C76-AC8D-92F2B955D576}.Release|Any CPU.ActiveCfg = Release|Any CPU
		{C68B47BE-4301-4C76-AC8D-92F2B955D576}.Release|Any CPU.Build.0 = Release|Any CPU
	EndGlobalSection
	GlobalSection(SolutionProperties) = preSolution
		HideSolutionNode = FALSE
	EndGlobalSection
	GlobalSection(ExtensibilityGlobals) = postSolution
		SolutionGuid = {681CCA82-5D08-42E7-91A1-A9617957738A}
	EndGlobalSection
EndGlobal
